// !$*UTF8*$!
{
	archiveVersion = 1;
	classes = {
	};
	objectVersion = 50;
	objects = {

/* Begin PBXBuildFile section */
		38E638BD228ED5DD00DF63E1 /* AppDelegate.swift in Sources */ = {isa = PBXBuildFile; fileRef = 38E638BC228ED5DD00DF63E1 /* AppDelegate.swift */; };
		38E638BF228ED5DD00DF63E1 /* ViewController.swift in Sources */ = {isa = PBXBuildFile; fileRef = 38E638BE228ED5DD00DF63E1 /* ViewController.swift */; };
		38E638C2228ED5DD00DF63E1 /* Main.storyboard in Resources */ = {isa = PBXBuildFile; fileRef = 38E638C0228ED5DD00DF63E1 /* Main.storyboard */; };
		38E638C4228ED5DE00DF63E1 /* Assets.xcassets in Resources */ = {isa = PBXBuildFile; fileRef = 38E638C3228ED5DE00DF63E1 /* Assets.xcassets */; };
		38E638C7228ED5DE00DF63E1 /* LaunchScreen.storyboard in Resources */ = {isa = PBXBuildFile; fileRef = 38E638C5228ED5DE00DF63E1 /* LaunchScreen.storyboard */; };
		38E638CF228ED78500DF63E1 /* GoogleService-Info.plist in Resources */ = {isa = PBXBuildFile; fileRef = 38E638CE228ED78500DF63E1 /* GoogleService-Info.plist */; };
		38ED954B228EEB8300FF424D /* Home.storyboard in Resources */ = {isa = PBXBuildFile; fileRef = 38ED954A228EEB8300FF424D /* Home.storyboard */; };
		38ED954D228EEC8B00FF424D /* Login.storyboard in Resources */ = {isa = PBXBuildFile; fileRef = 38ED954C228EEC8B00FF424D /* Login.storyboard */; };
		38ED9551228EF3F900FF424D /* LoginViewController.swift in Sources */ = {isa = PBXBuildFile; fileRef = 38ED9550228EF3F900FF424D /* LoginViewController.swift */; };
		38ED9553228EF40800FF424D /* HomeViewController.swift in Sources */ = {isa = PBXBuildFile; fileRef = 38ED9552228EF40800FF424D /* HomeViewController.swift */; };
		38ED9555228EFAA500FF424D /* AppTempData.swift in Sources */ = {isa = PBXBuildFile; fileRef = 38ED9554228EFAA500FF424D /* AppTempData.swift */; };
		38ED9559228FC6F200FF424D /* HomeTableViewCell.swift in Sources */ = {isa = PBXBuildFile; fileRef = 38ED9558228FC6F200FF424D /* HomeTableViewCell.swift */; };
		38ED955B228FCEAE00FF424D /* Student.swift in Sources */ = {isa = PBXBuildFile; fileRef = 38ED955A228FCEAE00FF424D /* Student.swift */; };
		7236EFDE62950E2C167D310B /* Pods_Manawadu_M_S_Cobsccomp171p008.framework in Frameworks */ = {isa = PBXBuildFile; fileRef = 3FA6B79D2417B3111EC1B3FC /* Pods_Manawadu_M_S_Cobsccomp171p008.framework */; };
/* End PBXBuildFile section */

/* Begin PBXFileReference section */
		2029D4A80D95AE64020D4443 /* Pods-Manawadu M.S-Cobsccomp171p008.debug.xcconfig */ = {isa = PBXFileReference; includeInIndex = 1; lastKnownFileType = text.xcconfig; name = "Pods-Manawadu M.S-Cobsccomp171p008.debug.xcconfig"; path = "Target Support Files/Pods-Manawadu M.S-Cobsccomp171p008/Pods-Manawadu M.S-Cobsccomp171p008.debug.xcconfig"; sourceTree = "<group>"; };
		38E638B9228ED5DD00DF63E1 /* Manawadu M.S-Cobsccomp171p008.app */ = {isa = PBXFileReference; explicitFileType = wrapper.application; includeInIndex = 0; path = "Manawadu M.S-Cobsccomp171p008.app"; sourceTree = BUILT_PRODUCTS_DIR; };
		38E638BC228ED5DD00DF63E1 /* AppDelegate.swift */ = {isa = PBXFileReference; lastKnownFileType = sourcecode.swift; path = AppDelegate.swift; sourceTree = "<group>"; };
		38E638BE228ED5DD00DF63E1 /* ViewController.swift */ = {isa = PBXFileReference; lastKnownFileType = sourcecode.swift; path = ViewController.swift; sourceTree = "<group>"; };
		38E638C1228ED5DD00DF63E1 /* Base */ = {isa = PBXFileReference; lastKnownFileType = file.storyboard; name = Base; path = Base.lproj/Main.storyboard; sourceTree = "<group>"; };
		38E638C3228ED5DE00DF63E1 /* Assets.xcassets */ = {isa = PBXFileReference; lastKnownFileType = folder.assetcatalog; path = Assets.xcassets; sourceTree = "<group>"; };
		38E638C6228ED5DE00DF63E1 /* Base */ = {isa = PBXFileReference; lastKnownFileType = file.storyboard; name = Base; path = Base.lproj/LaunchScreen.storyboard; sourceTree = "<group>"; };
		38E638C8228ED5DE00DF63E1 /* Info.plist */ = {isa = PBXFileReference; lastKnownFileType = text.plist.xml; path = Info.plist; sourceTree = "<group>"; };
		38E638CE228ED78500DF63E1 /* GoogleService-Info.plist */ = {isa = PBXFileReference; fileEncoding = 4; lastKnownFileType = text.plist.xml; path = "GoogleService-Info.plist"; sourceTree = "<group>"; };
		38ED954A228EEB8300FF424D /* Home.storyboard */ = {isa = PBXFileReference; lastKnownFileType = file.storyboard; path = Home.storyboard; sourceTree = "<group>"; };
		38ED954C228EEC8B00FF424D /* Login.storyboard */ = {isa = PBXFileReference; lastKnownFileType = file.storyboard; path = Login.storyboard; sourceTree = "<group>"; };
		38ED9550228EF3F900FF424D /* LoginViewController.swift */ = {isa = PBXFileReference; lastKnownFileType = sourcecode.swift; path = LoginViewController.swift; sourceTree = "<group>"; };
		38ED9552228EF40800FF424D /* HomeViewController.swift */ = {isa = PBXFileReference; lastKnownFileType = sourcecode.swift; path = HomeViewController.swift; sourceTree = "<group>"; };
		38ED9554228EFAA500FF424D /* AppTempData.swift */ = {isa = PBXFileReference; lastKnownFileType = sourcecode.swift; path = AppTempData.swift; sourceTree = "<group>"; };
		38ED9558228FC6F200FF424D /* HomeTableViewCell.swift */ = {isa = PBXFileReference; lastKnownFileType = sourcecode.swift; path = HomeTableViewCell.swift; sourceTree = "<group>"; };
		38ED955A228FCEAE00FF424D /* Student.swift */ = {isa = PBXFileReference; lastKnownFileType = sourcecode.swift; path = Student.swift; sourceTree = "<group>"; };
		3FA6B79D2417B3111EC1B3FC /* Pods_Manawadu_M_S_Cobsccomp171p008.framework */ = {isa = PBXFileReference; explicitFileType = wrapper.framework; includeInIndex = 0; path = Pods_Manawadu_M_S_Cobsccomp171p008.framework; sourceTree = BUILT_PRODUCTS_DIR; };
		F649E98A70BD207DFB5B6145 /* Pods-Manawadu M.S-Cobsccomp171p008.release.xcconfig */ = {isa = PBXFileReference; includeInIndex = 1; lastKnownFileType = text.xcconfig; name = "Pods-Manawadu M.S-Cobsccomp171p008.release.xcconfig"; path = "Target Support Files/Pods-Manawadu M.S-Cobsccomp171p008/Pods-Manawadu M.S-Cobsccomp171p008.release.xcconfig"; sourceTree = "<group>"; };
/* End PBXFileReference section */

/* Begin PBXFrameworksBuildPhase section */
		38E638B6228ED5DD00DF63E1 /* Frameworks */ = {
			isa = PBXFrameworksBuildPhase;
			buildActionMask = 2147483647;
			files = (
				7236EFDE62950E2C167D310B /* Pods_Manawadu_M_S_Cobsccomp171p008.framework in Frameworks */,
			);
			runOnlyForDeploymentPostprocessing = 0;
		};
/* End PBXFrameworksBuildPhase section */

/* Begin PBXGroup section */
		247A2DD4444073DC714EA846 /* Frameworks */ = {
			isa = PBXGroup;
			children = (
				3FA6B79D2417B3111EC1B3FC /* Pods_Manawadu_M_S_Cobsccomp171p008.framework */,
			);
			name = Frameworks;
			sourceTree = "<group>";
		};
		29E1D944D1DE833E8E05F297 /* Pods */ = {
			isa = PBXGroup;
			children = (
				2029D4A80D95AE64020D4443 /* Pods-Manawadu M.S-Cobsccomp171p008.debug.xcconfig */,
				F649E98A70BD207DFB5B6145 /* Pods-Manawadu M.S-Cobsccomp171p008.release.xcconfig */,
			);
			path = Pods;
			sourceTree = "<group>";
		};
		38E638B0228ED5DD00DF63E1 = {
			isa = PBXGroup;
			children = (
				38E638BB228ED5DD00DF63E1 /* Manawadu M.S-Cobsccomp171p008 */,
				38E638BA228ED5DD00DF63E1 /* Products */,
				29E1D944D1DE833E8E05F297 /* Pods */,
				247A2DD4444073DC714EA846 /* Frameworks */,
			);
			sourceTree = "<group>";
		};
		38E638BA228ED5DD00DF63E1 /* Products */ = {
			isa = PBXGroup;
			children = (
				38E638B9228ED5DD00DF63E1 /* Manawadu M.S-Cobsccomp171p008.app */,
			);
			name = Products;
			sourceTree = "<group>";
		};
		38E638BB228ED5DD00DF63E1 /* Manawadu M.S-Cobsccomp171p008 */ = {
			isa = PBXGroup;
			children = (
				38ED9549228EE8B100FF424D /* storyboards */,
				38ED9548228EE8A400FF424D /* controllers */,
				38ED9547228EE85600FF424D /* views */,
				38ED9546228EE84A00FF424D /* models */,
				38E638CE228ED78500DF63E1 /* GoogleService-Info.plist */,
				38E638BC228ED5DD00DF63E1 /* AppDelegate.swift */,
				38E638C3228ED5DE00DF63E1 /* Assets.xcassets */,
				38E638C8228ED5DE00DF63E1 /* Info.plist */,
				38ED9558228FC6F200FF424D /* HomeTableViewCell.swift */,
			);
			path = "Manawadu M.S-Cobsccomp171p008";
			sourceTree = "<group>";
		};
		38ED9546228EE84A00FF424D /* models */ = {
			isa = PBXGroup;
			children = (
				38ED9554228EFAA500FF424D /* AppTempData.swift */,
				38ED955A228FCEAE00FF424D /* Student.swift */,
			);
			path = models;
			sourceTree = "<group>";
		};
		38ED9547228EE85600FF424D /* views */ = {
			isa = PBXGroup;
			children = (
			);
			path = views;
			sourceTree = "<group>";
		};
		38ED9548228EE8A400FF424D /* controllers */ = {
			isa = PBXGroup;
			children = (
				38E638BE228ED5DD00DF63E1 /* ViewController.swift */,
				38ED9550228EF3F900FF424D /* LoginViewController.swift */,
				38ED9552228EF40800FF424D /* HomeViewController.swift */,
			);
			path = controllers;
			sourceTree = "<group>";
		};
		38ED9549228EE8B100FF424D /* storyboards */ = {
			isa = PBXGroup;
			children = (
				38E638C0228ED5DD00DF63E1 /* Main.storyboard */,
				38E638C5228ED5DE00DF63E1 /* LaunchScreen.storyboard */,
				38ED954A228EEB8300FF424D /* Home.storyboard */,
				38ED954C228EEC8B00FF424D /* Login.storyboard */,
			);
			path = storyboards;
			sourceTree = "<group>";
		};
/* End PBXGroup section */

/* Begin PBXNativeTarget section */
		38E638B8228ED5DD00DF63E1 /* Manawadu M.S-Cobsccomp171p008 */ = {
			isa = PBXNativeTarget;
			buildConfigurationList = 38E638CB228ED5DE00DF63E1 /* Build configuration list for PBXNativeTarget "Manawadu M.S-Cobsccomp171p008" */;
			buildPhases = (
				090B9C3E1F10DBC6A7FBB017 /* [CP] Check Pods Manifest.lock */,
				38E638B5228ED5DD00DF63E1 /* Sources */,
				38E638B6228ED5DD00DF63E1 /* Frameworks */,
				38E638B7228ED5DD00DF63E1 /* Resources */,
				02E472DB64617E612C796870 /* [CP] Embed Pods Frameworks */,
				7BAF8032C5A1FD67D96DE787 /* [CP] Copy Pods Resources */,
			);
			buildRules = (
			);
			dependencies = (
			);
			name = "Manawadu M.S-Cobsccomp171p008";
			productName = "Manawadu M.S-Cobsccomp171p008";
			productReference = 38E638B9228ED5DD00DF63E1 /* Manawadu M.S-Cobsccomp171p008.app */;
			productType = "com.apple.product-type.application";
		};
/* End PBXNativeTarget section */

/* Begin PBXProject section */
		38E638B1228ED5DD00DF63E1 /* Project object */ = {
			isa = PBXProject;
			attributes = {
				LastSwiftUpdateCheck = 1020;
				LastUpgradeCheck = 1020;
				ORGANIZATIONNAME = "Sandeepa Manawadu";
				TargetAttributes = {
					38E638B8228ED5DD00DF63E1 = {
						CreatedOnToolsVersion = 10.2.1;
					};
				};
			};
			buildConfigurationList = 38E638B4228ED5DD00DF63E1 /* Build configuration list for PBXProject "Manawadu M.S-Cobsccomp171p008" */;
			compatibilityVersion = "Xcode 9.3";
			developmentRegion = en;
			hasScannedForEncodings = 0;
			knownRegions = (
				en,
				Base,
			);
			mainGroup = 38E638B0228ED5DD00DF63E1;
			productRefGroup = 38E638BA228ED5DD00DF63E1 /* Products */;
			projectDirPath = "";
			projectRoot = "";
			targets = (
				38E638B8228ED5DD00DF63E1 /* Manawadu M.S-Cobsccomp171p008 */,
			);
		};
/* End PBXProject section */

/* Begin PBXResourcesBuildPhase section */
		38E638B7228ED5DD00DF63E1 /* Resources */ = {
			isa = PBXResourcesBuildPhase;
			buildActionMask = 2147483647;
			files = (
				38E638C7228ED5DE00DF63E1 /* LaunchScreen.storyboard in Resources */,
				38ED954B228EEB8300FF424D /* Home.storyboard in Resources */,
				38ED954D228EEC8B00FF424D /* Login.storyboard in Resources */,
				38E638CF228ED78500DF63E1 /* GoogleService-Info.plist in Resources */,
				38E638C4228ED5DE00DF63E1 /* Assets.xcassets in Resources */,
				38E638C2228ED5DD00DF63E1 /* Main.storyboard in Resources */,
			);
			runOnlyForDeploymentPostprocessing = 0;
		};
/* End PBXResourcesBuildPhase section */

/* Begin PBXShellScriptBuildPhase section */
		02E472DB64617E612C796870 /* [CP] Embed Pods Frameworks */ = {
			isa = PBXShellScriptBuildPhase;
			buildActionMask = 2147483647;
			files = (
			);
			inputFileListPaths = (
			);
			inputPaths = (
				"${PODS_ROOT}/Target Support Files/Pods-Manawadu M.S-Cobsccomp171p008/Pods-Manawadu M.S-Cobsccomp171p008-frameworks.sh",
				"${BUILT_PRODUCTS_DIR}/Alamofire/Alamofire.framework",
				"${BUILT_PRODUCTS_DIR}/GTMSessionFetcher/GTMSessionFetcher.framework",
				"${BUILT_PRODUCTS_DIR}/GoogleToolboxForMac/GoogleToolboxForMac.framework",
				"${BUILT_PRODUCTS_DIR}/GoogleUtilities/GoogleUtilities.framework",
				"${BUILT_PRODUCTS_DIR}/Kingfisher/Kingfisher.framework",
				"${BUILT_PRODUCTS_DIR}/SwiftyJSON/SwiftyJSON.framework",
				"${BUILT_PRODUCTS_DIR}/leveldb-library/leveldb.framework",
				"${BUILT_PRODUCTS_DIR}/nanopb/nanopb.framework",
			);
			name = "[CP] Embed Pods Frameworks";
			outputFileListPaths = (
			);
			outputPaths = (
				"${TARGET_BUILD_DIR}/${FRAMEWORKS_FOLDER_PATH}/Alamofire.framework",
				"${TARGET_BUILD_DIR}/${FRAMEWORKS_FOLDER_PATH}/GTMSessionFetcher.framework",
				"${TARGET_BUILD_DIR}/${FRAMEWORKS_FOLDER_PATH}/GoogleToolboxForMac.framework",
				"${TARGET_BUILD_DIR}/${FRAMEWORKS_FOLDER_PATH}/GoogleUtilities.framework",
				"${TARGET_BUILD_DIR}/${FRAMEWORKS_FOLDER_PATH}/Kingfisher.framework",
				"${TARGET_BUILD_DIR}/${FRAMEWORKS_FOLDER_PATH}/SwiftyJSON.framework",
				"${TARGET_BUILD_DIR}/${FRAMEWORKS_FOLDER_PATH}/leveldb.framework",
				"${TARGET_BUILD_DIR}/${FRAMEWORKS_FOLDER_PATH}/nanopb.framework",
			);
			runOnlyForDeploymentPostprocessing = 0;
			shellPath = /bin/sh;
			shellScript = "\"${PODS_ROOT}/Target Support Files/Pods-Manawadu M.S-Cobsccomp171p008/Pods-Manawadu M.S-Cobsccomp171p008-frameworks.sh\"\n";
			showEnvVarsInLog = 0;
		};
		090B9C3E1F10DBC6A7FBB017 /* [CP] Check Pods Manifest.lock */ = {
			isa = PBXShellScriptBuildPhase;
			buildActionMask = 2147483647;
			files = (
			);
			inputFileListPaths = (
			);
			inputPaths = (
				"${PODS_PODFILE_DIR_PATH}/Podfile.lock",
				"${PODS_ROOT}/Manifest.lock",
			);
			name = "[CP] Check Pods Manifest.lock";
			outputFileListPaths = (
			);
			outputPaths = (
				"$(DERIVED_FILE_DIR)/Pods-Manawadu M.S-Cobsccomp171p008-checkManifestLockResult.txt",
			);
			runOnlyForDeploymentPostprocessing = 0;
			shellPath = /bin/sh;
			shellScript = "diff \"${PODS_PODFILE_DIR_PATH}/Podfile.lock\" \"${PODS_ROOT}/Manifest.lock\" > /dev/null\nif [ $? != 0 ] ; then\n    # print error to STDERR\n    echo \"error: The sandbox is not in sync with the Podfile.lock. Run 'pod install' or update your CocoaPods installation.\" >&2\n    exit 1\nfi\n# This output is used by Xcode 'outputs' to avoid re-running this script phase.\necho \"SUCCESS\" > \"${SCRIPT_OUTPUT_FILE_0}\"\n";
			showEnvVarsInLog = 0;
		};
		7BAF8032C5A1FD67D96DE787 /* [CP] Copy Pods Resources */ = {
			isa = PBXShellScriptBuildPhase;
			buildActionMask = 2147483647;
			files = (
			);
			inputFileListPaths = (
			);
			inputPaths = (
				"${PODS_ROOT}/Target Support Files/Pods-Manawadu M.S-Cobsccomp171p008/Pods-Manawadu M.S-Cobsccomp171p008-resources.sh",
				"${PODS_ROOT}/GoogleSignIn/Resources/GoogleSignIn.bundle",
			);
			name = "[CP] Copy Pods Resources";
			outputFileListPaths = (
			);
			outputPaths = (
				"${TARGET_BUILD_DIR}/${UNLOCALIZED_RESOURCES_FOLDER_PATH}/GoogleSignIn.bundle",
			);
			runOnlyForDeploymentPostprocessing = 0;
			shellPath = /bin/sh;
			shellScript = "\"${PODS_ROOT}/Target Support Files/Pods-Manawadu M.S-Cobsccomp171p008/Pods-Manawadu M.S-Cobsccomp171p008-resources.sh\"\n";
			showEnvVarsInLog = 0;
		};
/* End PBXShellScriptBuildPhase section */

/* Begin PBXSourcesBuildPhase section */
		38E638B5228ED5DD00DF63E1 /* Sources */ = {
			isa = PBXSourcesBuildPhase;
			buildActionMask = 2147483647;
			files = (
				38ED9559228FC6F200FF424D /* HomeTableViewCell.swift in Sources */,
				38ED9551228EF3F900FF424D /* LoginViewController.swift in Sources */,
				38E638BF228ED5DD00DF63E1 /* ViewController.swift in Sources */,
				38ED9555228EFAA500FF424D /* AppTempData.swift in Sources */,
				38E638BD228ED5DD00DF63E1 /* AppDelegate.swift in Sources */,
				38ED955B228FCEAE00FF424D /* Student.swift in Sources */,
				38ED9553228EF40800FF424D /* HomeViewController.swift in Sources */,
			);
			runOnlyForDeploymentPostprocessing = 0;
		};
/* End PBXSourcesBuildPhase section */

/* Begin PBXVariantGroup section */
		38E638C0228ED5DD00DF63E1 /* Main.storyboard */ = {
			isa = PBXVariantGroup;
			children = (
				38E638C1228ED5DD00DF63E1 /* Base */,
			);
			name = Main.storyboard;
			sourceTree = "<group>";
		};
		38E638C5228ED5DE00DF63E1 /* LaunchScreen.storyboard */ = {
			isa = PBXVariantGroup;
			children = (
				38E638C6228ED5DE00DF63E1 /* Base */,
			);
			name = LaunchScreen.storyboard;
			sourceTree = "<group>";
		};
/* End PBXVariantGroup section */

/* Begin XCBuildConfiguration section */
		38E638C9228ED5DE00DF63E1 /* Debug */ = {
			isa = XCBuildConfiguration;
			buildSettings = {
				ALWAYS_SEARCH_USER_PATHS = NO;
				CLANG_ANALYZER_NONNULL = YES;
				CLANG_ANALYZER_NUMBER_OBJECT_CONVERSION = YES_AGGRESSIVE;
				CLANG_CXX_LANGUAGE_STANDARD = "gnu++14";
				CLANG_CXX_LIBRARY = "libc++";
				CLANG_ENABLE_MODULES = YES;
				CLANG_ENABLE_OBJC_ARC = YES;
				CLANG_ENABLE_OBJC_WEAK = YES;
				CLANG_WARN_BLOCK_CAPTURE_AUTORELEASING = YES;
				CLANG_WARN_BOOL_CONVERSION = YES;
				CLANG_WARN_COMMA = YES;
				CLANG_WARN_CONSTANT_CONVERSION = YES;
				CLANG_WARN_DEPRECATED_OBJC_IMPLEMENTATIONS = YES;
				CLANG_WARN_DIRECT_OBJC_ISA_USAGE = YES_ERROR;
				CLANG_WARN_DOCUMENTATION_COMMENTS = YES;
				CLANG_WARN_EMPTY_BODY = YES;
				CLANG_WARN_ENUM_CONVERSION = YES;
				CLANG_WARN_INFINITE_RECURSION = YES;
				CLANG_WARN_INT_CONVERSION = YES;
				CLANG_WARN_NON_LITERAL_NULL_CONVERSION = YES;
				CLANG_WARN_OBJC_IMPLICIT_RETAIN_SELF = YES;
				CLANG_WARN_OBJC_LITERAL_CONVERSION = YES;
				CLANG_WARN_OBJC_ROOT_CLASS = YES_ERROR;
				CLANG_WARN_RANGE_LOOP_ANALYSIS = YES;
				CLANG_WARN_STRICT_PROTOTYPES = YES;
				CLANG_WARN_SUSPICIOUS_MOVE = YES;
				CLANG_WARN_UNGUARDED_AVAILABILITY = YES_AGGRESSIVE;
				CLANG_WARN_UNREACHABLE_CODE = YES;
				CLANG_WARN__DUPLICATE_METHOD_MATCH = YES;
				CODE_SIGN_IDENTITY = "iPhone Developer";
				COPY_PHASE_STRIP = NO;
				DEBUG_INFORMATION_FORMAT = dwarf;
				ENABLE_STRICT_OBJC_MSGSEND = YES;
				ENABLE_TESTABILITY = YES;
				GCC_C_LANGUAGE_STANDARD = gnu11;
				GCC_DYNAMIC_NO_PIC = NO;
				GCC_NO_COMMON_BLOCKS = YES;
				GCC_OPTIMIZATION_LEVEL = 0;
				GCC_PREPROCESSOR_DEFINITIONS = (
					"DEBUG=1",
					"$(inherited)",
				);
				GCC_WARN_64_TO_32_BIT_CONVERSION = YES;
				GCC_WARN_ABOUT_RETURN_TYPE = YES_ERROR;
				GCC_WARN_UNDECLARED_SELECTOR = YES;
				GCC_WARN_UNINITIALIZED_AUTOS = YES_AGGRESSIVE;
				GCC_WARN_UNUSED_FUNCTION = YES;
				GCC_WARN_UNUSED_VARIABLE = YES;
				IPHONEOS_DEPLOYMENT_TARGET = 12.2;
				MTL_ENABLE_DEBUG_INFO = INCLUDE_SOURCE;
				MTL_FAST_MATH = YES;
				ONLY_ACTIVE_ARCH = YES;
				SDKROOT = iphoneos;
				SWIFT_ACTIVE_COMPILATION_CONDITIONS = DEBUG;
				SWIFT_OPTIMIZATION_LEVEL = "-Onone";
			};
			name = Debug;
		};
		38E638CA228ED5DE00DF63E1 /* Release */ = {
			isa = XCBuildConfiguration;
			buildSettings = {
				ALWAYS_SEARCH_USER_PATHS = NO;
				CLANG_ANALYZER_NONNULL = YES;
				CLANG_ANALYZER_NUMBER_OBJECT_CONVERSION = YES_AGGRESSIVE;
				CLANG_CXX_LANGUAGE_STANDARD = "gnu++14";
				CLANG_CXX_LIBRARY = "libc++";
				CLANG_ENABLE_MODULES = YES;
				CLANG_ENABLE_OBJC_ARC = YES;
				CLANG_ENABLE_OBJC_WEAK = YES;
				CLANG_WARN_BLOCK_CAPTURE_AUTORELEASING = YES;
				CLANG_WARN_BOOL_CONVERSION = YES;
				CLANG_WARN_COMMA = YES;
				CLANG_WARN_CONSTANT_CONVERSION = YES;
				CLANG_WARN_DEPRECATED_OBJC_IMPLEMENTATIONS = YES;
				CLANG_WARN_DIRECT_OBJC_ISA_USAGE = YES_ERROR;
				CLANG_WARN_DOCUMENTATION_COMMENTS = YES;
				CLANG_WARN_EMPTY_BODY = YES;
				CLANG_WARN_ENUM_CONVERSION = YES;
				CLANG_WARN_INFINITE_RECURSION = YES;
				CLANG_WARN_INT_CONVERSION = YES;
				CLANG_WARN_NON_LITERAL_NULL_CONVERSION = YES;
				CLANG_WARN_OBJC_IMPLICIT_RETAIN_SELF = YES;
				CLANG_WARN_OBJC_LITERAL_CONVERSION = YES;
				CLANG_WARN_OBJC_ROOT_CLASS = YES_ERROR;
				CLANG_WARN_RANGE_LOOP_ANALYSIS = YES;
				CLANG_WARN_STRICT_PROTOTYPES = YES;
				CLANG_WARN_SUSPICIOUS_MOVE = YES;
				CLANG_WARN_UNGUARDED_AVAILABILITY = YES_AGGRESSIVE;
				CLANG_WARN_UNREACHABLE_CODE = YES;
				CLANG_WARN__DUPLICATE_METHOD_MATCH = YES;
				CODE_SIGN_IDENTITY = "iPhone Developer";
				COPY_PHASE_STRIP = NO;
				DEBUG_INFORMATION_FORMAT = "dwarf-with-dsym";
				ENABLE_NS_ASSERTIONS = NO;
				ENABLE_STRICT_OBJC_MSGSEND = YES;
				GCC_C_LANGUAGE_STANDARD = gnu11;
				GCC_NO_COMMON_BLOCKS = YES;
				GCC_WARN_64_TO_32_BIT_CONVERSION = YES;
				GCC_WARN_ABOUT_RETURN_TYPE = YES_ERROR;
				GCC_WARN_UNDECLARED_SELECTOR = YES;
				GCC_WARN_UNINITIALIZED_AUTOS = YES_AGGRESSIVE;
				GCC_WARN_UNUSED_FUNCTION = YES;
				GCC_WARN_UNUSED_VARIABLE = YES;
				IPHONEOS_DEPLOYMENT_TARGET = 12.2;
				MTL_ENABLE_DEBUG_INFO = NO;
				MTL_FAST_MATH = YES;
				SDKROOT = iphoneos;
				SWIFT_COMPILATION_MODE = wholemodule;
				SWIFT_OPTIMIZATION_LEVEL = "-O";
				VALIDATE_PRODUCT = YES;
			};
			name = Release;
		};
		38E638CC228ED5DE00DF63E1 /* Debug */ = {
			isa = XCBuildConfiguration;
			baseConfigurationReference = 2029D4A80D95AE64020D4443 /* Pods-Manawadu M.S-Cobsccomp171p008.debug.xcconfig */;
			buildSettings = {
				ASSETCATALOG_COMPILER_APPICON_NAME = AppIcon;
				CODE_SIGN_STYLE = Automatic;
				DEVELOPMENT_TEAM = N23J46Z6LY;
				INFOPLIST_FILE = "Manawadu M.S-Cobsccomp171p008/Info.plist";
				IPHONEOS_DEPLOYMENT_TARGET = 12.1;
				LD_RUNPATH_SEARCH_PATHS = (
					"$(inherited)",
					"@executable_path/Frameworks",
				);
				PRODUCT_BUNDLE_IDENTIFIER = "com.sandeepa.Manawadu-M-S-Cobsccomp171p008";
				PRODUCT_NAME = "$(TARGET_NAME)";
				SWIFT_VERSION = 5.0;
				TARGETED_DEVICE_FAMILY = 1;
			};
			name = Debug;
		};
		38E638CD228ED5DE00DF63E1 /* Release */ = {
			isa = XCBuildConfiguration;
			baseConfigurationReference = F649E98A70BD207DFB5B6145 /* Pods-Manawadu M.S-Cobsccomp171p008.release.xcconfig */;
			buildSettings = {
				ASSETCATALOG_COMPILER_APPICON_NAME = AppIcon;
				CODE_SIGN_STYLE = Automatic;
				DEVELOPMENT_TEAM = N23J46Z6LY;
				INFOPLIST_FILE = "Manawadu M.S-Cobsccomp171p008/Info.plist";
				IPHONEOS_DEPLOYMENT_TARGET = 12.1;
				LD_RUNPATH_SEARCH_PATHS = (
					"$(inherited)",
					"@executable_path/Frameworks",
				);
				PRODUCT_BUNDLE_IDENTIFIER = "com.sandeepa.Manawadu-M-S-Cobsccomp171p008";
				PRODUCT_NAME = "$(TARGET_NAME)";
				SWIFT_VERSION = 5.0;
				TARGETED_DEVICE_FAMILY = 1;
			};
			name = Release;
		};
/* End XCBuildConfiguration section */

/* Begin XCConfigurationList section */
		38E638B4228ED5DD00DF63E1 /* Build configuration list for PBXProject "Manawadu M.S-Cobsccomp171p008" */ = {
			isa = XCConfigurationList;
			buildConfigurations = (
				38E638C9228ED5DE00DF63E1 /* Debug */,
				38E638CA228ED5DE00DF63E1 /* Release */,
			);
			defaultConfigurationIsVisible = 0;
			defaultConfigurationName = Release;
		};
		38E638CB228ED5DE00DF63E1 /* Build configuration list for PBXNativeTarget "Manawadu M.S-Cobsccomp171p008" */ = {
			isa = XCConfigurationList;
			buildConfigurations = (
				38E638CC228ED5DE00DF63E1 /* Debug */,
				38E638CD228ED5DE00DF63E1 /* Release */,
			);
			defaultConfigurationIsVisible = 0;
			defaultConfigurationName = Release;
		};
/* End XCConfigurationList section */
	};
	rootObject = 38E638B1228ED5DD00DF63E1 /* Project object */;
}
